PODS:
  - Flutter (1.0.0)
  - flutter_iot_wifi (0.0.1):
    - Flutter

DEPENDENCIES:
  - Flutter (from `Flutter`)
  - flutter_iot_wifi (from `.symlinks/plugins/flutter_iot_wifi/ios`)

EXTERNAL SOURCES:
  Flutter:
    :path: Flutter
  flutter_iot_wifi:
    :path: ".symlinks/plugins/flutter_iot_wifi/ios"

SPEC CHECKSUMS:
  Flutter: 50d75fe2f02b26cc09d224853bb45737f8b3214a
  flutter_iot_wifi: 1e798012ff737e8af6d109740136068c5916e512

PODFILE CHECKSUM: aafe91acc616949ddb318b77800a7f51bffa2a4c

COCOAPODS: 1.11.2
